# @generated by Move, please check-in and do not edit manually.

[move]
version = 3
manifest_digest = "DCE08B7FFDD739BB6B72122F5C377CDD2788DF6AC1793C0672A9644B4A553703"
deps_digest = "F8BBB0CCB2491CA29A3DF03D6F92277A4F3574266507ACD77214D37ECA3F3082"
dependencies = [
  { id = "Sui", name = "Sui" },
]

[[move.package]]
id = "MoveStdlib"
source = { git = "https://github.com/MystenLabs/sui.git", rev = "framework/testnet", subdir = "crates\\sui-framework\\packages\\move-stdlib" }

[[move.package]]
id = "Sui"
source = { git = "https://github.com/MystenLabs/sui.git", rev = "framework/testnet", subdir = "crates/sui-framework/packages/sui-framework" }

dependencies = [
  { id = "MoveStdlib", name = "MoveStdlib" },
]

[move.toolchain-version]
compiler-version = "1.54.1"
edition = "2024.beta"
flavor = "sui"

[env]

[env.testnet]
chain-id = "4c78adac"
original-published-id = "0xb92e895a1670c99a7a1b589753faeb00f48adfe091ca11790294414a5c2f21b4"
latest-published-id = "0xb92e895a1670c99a7a1b589753faeb00f48adfe091ca11790294414a5c2f21b4"
published-version = "1"
